
Microsoft Visual Studio Solution File, Format Version 12.00
# Visual Studio Version 17
VisualStudioVersion = 17.5.33424.131
MinimumVisualStudioVersion = 10.0.40219.1
Project("{9A19103F-16F7-4668-BE54-9A1E7A4F7556}") = "WeatherApp", "WeatherApp\WeatherApp.csproj", "{94EB0D8C-EB83-4E79-9E89-5A4BCCAECC4C}"
EndProject
Project("{9A19103F-16F7-4668-BE54-9A1E7A4F7556}") = "WeatherApp.Presentation", "WeatherApp.Presentation\WeatherApp.Presentation.csproj", "{B1DA6F3C-0930-4B71-970E-51A12E2F695C}"
EndProject
Project("{9A19103F-16F7-4668-BE54-9A1E7A4F7556}") = "Contracts", "Contracts\Contracts.csproj", "{EC131756-08A8-40DD-8AD0-4C1FB777A575}"
EndProject
Project("{9A19103F-16F7-4668-BE54-9A1E7A4F7556}") = "WeatherManager", "WeatherManager\WeatherManager.csproj", "{7EEE3926-023B-444D-8926-DC78C583EE5A}"
EndProject
Project("{9A19103F-16F7-4668-BE54-9A1E7A4F7556}") = "ExceptionHandling", "ExceptionHandling\ExceptionHandling.csproj", "{4E66F877-1E44-4A39-9A12-38A66A096021}"
EndProject
Project("{9A19103F-16F7-4668-BE54-9A1E7A4F7556}") = "Authorisation", "Authorisation\Authorisation.csproj", "{B318EA3E-08D6-4365-A9CD-96FF2D27E106}"
EndProject
Project("{2150E333-8FDC-42A3-9474-1A3956D46DE8}") = "Solution Items", "Solution Items", "{41374815-2764-4EC5-9F69-D8604889C2DC}"
	ProjectSection(SolutionItems) = preProject
		README.md = README.md
	EndProjectSection
EndProject
Project("{2150E333-8FDC-42A3-9474-1A3956D46DE8}") = "PostmanCollection", "PostmanCollection", "{092988AB-449A-46AD-B6A7-D2C3546C21E2}"
	ProjectSection(SolutionItems) = preProject
		Weather API.postman_collection.json = Weather API.postman_collection.json
	EndProjectSection
EndProject
Global
	GlobalSection(SolutionConfigurationPlatforms) = preSolution
		Debug|Any CPU = Debug|Any CPU
		Release|Any CPU = Release|Any CPU
	EndGlobalSection
	GlobalSection(ProjectConfigurationPlatforms) = postSolution
		{94EB0D8C-EB83-4E79-9E89-5A4BCCAECC4C}.Debug|Any CPU.ActiveCfg = Debug|Any CPU
		{94EB0D8C-EB83-4E79-9E89-5A4BCCAECC4C}.Debug|Any CPU.Build.0 = Debug|Any CPU
		{94EB0D8C-EB83-4E79-9E89-5A4BCCAECC4C}.Release|Any CPU.ActiveCfg = Release|Any CPU
		{94EB0D8C-EB83-4E79-9E89-5A4BCCAECC4C}.Release|Any CPU.Build.0 = Release|Any CPU
		{B1DA6F3C-0930-4B71-970E-51A12E2F695C}.Debug|Any CPU.ActiveCfg = Debug|Any CPU
		{B1DA6F3C-0930-4B71-970E-51A12E2F695C}.Debug|Any CPU.Build.0 = Debug|Any CPU
		{B1DA6F3C-0930-4B71-970E-51A12E2F695C}.Release|Any CPU.ActiveCfg = Release|Any CPU
		{B1DA6F3C-0930-4B71-970E-51A12E2F695C}.Release|Any CPU.Build.0 = Release|Any CPU
		{EC131756-08A8-40DD-8AD0-4C1FB777A575}.Debug|Any CPU.ActiveCfg = Debug|Any CPU
		{EC131756-08A8-40DD-8AD0-4C1FB777A575}.Debug|Any CPU.Build.0 = Debug|Any CPU
		{EC131756-08A8-40DD-8AD0-4C1FB777A575}.Release|Any CPU.ActiveCfg = Release|Any CPU
		{EC131756-08A8-40DD-8AD0-4C1FB777A575}.Release|Any CPU.Build.0 = Release|Any CPU
		{7EEE3926-023B-444D-8926-DC78C583EE5A}.Debug|Any CPU.ActiveCfg = Debug|Any CPU
		{7EEE3926-023B-444D-8926-DC78C583EE5A}.Debug|Any CPU.Build.0 = Debug|Any CPU
		{7EEE3926-023B-444D-8926-DC78C583EE5A}.Release|Any CPU.ActiveCfg = Release|Any CPU
		{7EEE3926-023B-444D-8926-DC78C583EE5A}.Release|Any CPU.Build.0 = Release|Any CPU
		{4E66F877-1E44-4A39-9A12-38A66A096021}.Debug|Any CPU.ActiveCfg = Debug|Any CPU
		{4E66F877-1E44-4A39-9A12-38A66A096021}.Debug|Any CPU.Build.0 = Debug|Any CPU
		{4E66F877-1E44-4A39-9A12-38A66A096021}.Release|Any CPU.ActiveCfg = Release|Any CPU
		{4E66F877-1E44-4A39-9A12-38A66A096021}.Release|Any CPU.Build.0 = Release|Any CPU
		{B318EA3E-08D6-4365-A9CD-96FF2D27E106}.Debug|Any CPU.ActiveCfg = Debug|Any CPU
		{B318EA3E-08D6-4365-A9CD-96FF2D27E106}.Debug|Any CPU.Build.0 = Debug|Any CPU
		{B318EA3E-08D6-4365-A9CD-96FF2D27E106}.Release|Any CPU.ActiveCfg = Release|Any CPU
		{B318EA3E-08D6-4365-A9CD-96FF2D27E106}.Release|Any CPU.Build.0 = Release|Any CPU
	EndGlobalSection
	GlobalSection(SolutionProperties) = preSolution
		HideSolutionNode = FALSE
	EndGlobalSection
	GlobalSection(ExtensibilityGlobals) = postSolution
		SolutionGuid = {6BBEBB67-4DDD-4EA6-86AD-750949663676}
	EndGlobalSection
EndGlobal
